// !$*UTF8*$!
{
	archiveVersion = 1;
	classes = {
	};
	objectVersion = 46;
	objects = {
/* Begin PBXBuildFile section */
		0207DA581B56EA530066E2B4 /* Images.xcassets in Resources */ = {isa = PBXBuildFile; fileRef = 0207DA571B56EA530066E2B4 /* Images.xcassets */; };
		1D3623260D0F684500981E51 /* AppDelegate.m in Sources */ = {isa = PBXBuildFile; fileRef = 1D3623250D0F684500981E51 /* AppDelegate.m */; };
		1D60589B0D05DD56006BFB54 /* main.m in Sources */ = {isa = PBXBuildFile; fileRef = 29B97316FDCFA39411CA2CEA /* main.m */; };
		301BF552109A68D80062928A /* libCordova.a in Frameworks */ = {isa = PBXBuildFile; fileRef = 301BF535109A57CC0062928A /* libCordova.a */; };
		302D95F114D2391D003F00A1 /* MainViewController.m in Sources */ = {isa = PBXBuildFile; fileRef = 302D95EF14D2391D003F00A1 /* MainViewController.m */; };
		302D95F214D2391D003F00A1 /* MainViewController.xib in Resources */ = {isa = PBXBuildFile; fileRef = 302D95F014D2391D003F00A1 /* MainViewController.xib */; };
		3047A5121AB8059700498E2A /* build-debug.xcconfig in Resources */ = {isa = PBXBuildFile; fileRef = 3047A50F1AB8059700498E2A /* build-debug.xcconfig */; };
		3047A5131AB8059700498E2A /* build-release.xcconfig in Resources */ = {isa = PBXBuildFile; fileRef = 3047A5101AB8059700498E2A /* build-release.xcconfig */; };
		3047A5141AB8059700498E2A /* build.xcconfig in Resources */ = {isa = PBXBuildFile; fileRef = 3047A5111AB8059700498E2A /* build.xcconfig */; };
		6AFF5BF91D6E424B00AB3073 /* CDVLaunchScreen.storyboard in Resources */ = {isa = PBXBuildFile; fileRef = 6AFF5BF81D6E424B00AB3073 /* CDVLaunchScreen.storyboard */; };
		96CF2C30C6074F8DBE9EDDEC /* AppDelegate+notification.m in Sources */ = {isa = PBXBuildFile; fileRef = B6781FB6C1AD46E7B0AAFD95 /* AppDelegate+notification.m */; };
		0472C3C831A641A5AE7D6B51 /* PushPlugin.m in Sources */ = {isa = PBXBuildFile; fileRef = 3579F33C54B54D8589513C97 /* PushPlugin.m */; };
		7B2393ADDE634CF5BF73824E /* libGGLCloudMessaging.a in Frameworks */ = {isa = PBXBuildFile; fileRef = ECE4AF8C6E7849C3BB997FE2 /* libGGLCloudMessaging.a */; };
		9BC30E929EEE45028E7E9B7A /* libGGLCore.a in Frameworks */ = {isa = PBXBuildFile; fileRef = E1C1BAE8627C4AA8AB2FDC6B /* libGGLCore.a */; };
		30AF8F8CD0E944D7B291BBDC /* libGGLInstanceIDLib.a in Frameworks */ = {isa = PBXBuildFile; fileRef = B3B97C1A2B7340EAA0E09D7E /* libGGLInstanceIDLib.a */; };
		0AC3400B850349968CD49227 /* libGIP_Reachability.a in Frameworks */ = {isa = PBXBuildFile; fileRef = B4C6392D58A44E6B9BD18EBF /* libGIP_Reachability.a */; };
		793949E7D9164CBDB64FCF1C /* libGSDK_Overload.a in Frameworks */ = {isa = PBXBuildFile; fileRef = CC2FECC917D746AA96412018 /* libGSDK_Overload.a */; };
		FA194ADE0C47420480BC0AF7 /* libGTMSessionFetcher_core.a in Frameworks */ = {isa = PBXBuildFile; fileRef = 7D117B5082DB4CD28298B748 /* libGTMSessionFetcher_core.a */; };
		6D6B6EDBC31741D9829EFC43 /* libGTMSessionFetcher_full.a in Frameworks */ = {isa = PBXBuildFile; fileRef = 26BAFF48AF224847951DBF18 /* libGTMSessionFetcher_full.a */; };
		F339A040456A457B9F4CD7F3 /* libGTMStackTrace.a in Frameworks */ = {isa = PBXBuildFile; fileRef = C093E0DAF9414E71B2263A1D /* libGTMStackTrace.a */; };
		6242F20365DE4ADD8E3DB4F6 /* libGTM_AddressBook.a in Frameworks */ = {isa = PBXBuildFile; fileRef = 0424064E2FF74A38BA9DD6A7 /* libGTM_AddressBook.a */; };
		2EEF0072522346018A754794 /* libGTM_DebugUtils.a in Frameworks */ = {isa = PBXBuildFile; fileRef = 66B1FA0E038C467B8F674C14 /* libGTM_DebugUtils.a */; };
		F7A8C917560D45DDA3EC4125 /* libGTM_GTMURLBuilder.a in Frameworks */ = {isa = PBXBuildFile; fileRef = A2714E728EB346D78E9F9A14 /* libGTM_GTMURLBuilder.a */; };
		E4560C0935774E589EF15942 /* libGTM_KVO.a in Frameworks */ = {isa = PBXBuildFile; fileRef = 54495D9BD2284602B3A3167E /* libGTM_KVO.a */; };
		A54197FD2F214E42B7FB487B /* libGTM_NSData+zlib.a in Frameworks */ = {isa = PBXBuildFile; fileRef = 368BB63ED39C46958B7E2A46 /* libGTM_NSData+zlib.a */; };
		E95511669EFC4AA6A25070EA /* libGTM_NSDictionary+URLArguments.a in Frameworks */ = {isa = PBXBuildFile; fileRef = DD3F4CF0D82947DB9323A83A /* libGTM_NSDictionary+URLArguments.a */; };
		AF071CCC23B04B79AC1E076D /* libGTM_NSScannerJSON.a in Frameworks */ = {isa = PBXBuildFile; fileRef = ACDA5B56E558461EA2B26CE6 /* libGTM_NSScannerJSON.a */; };
		47113DC9D32E4BDAAF05E15B /* libGTM_NSStringHTML.a in Frameworks */ = {isa = PBXBuildFile; fileRef = 161BE2293829402986F6CAC5 /* libGTM_NSStringHTML.a */; };
		B03855682FD6400D928CDD0D /* libGTM_NSStringXML.a in Frameworks */ = {isa = PBXBuildFile; fileRef = E79DECB99D034D6399040485 /* libGTM_NSStringXML.a */; };
		0512C1D746484D218810FD14 /* libGTM_Regex.a in Frameworks */ = {isa = PBXBuildFile; fileRef = 5B85901DFF8F4B3E9236681C /* libGTM_Regex.a */; };
		CB70BA76166248F69B2C958C /* libGTM_RoundedRectPath.a in Frameworks */ = {isa = PBXBuildFile; fileRef = DF24950AE6CA4CAEACC0EFB5 /* libGTM_RoundedRectPath.a */; };
		40B3D3CA09E64D98B4EE9774 /* libGTM_StringEncoding.a in Frameworks */ = {isa = PBXBuildFile; fileRef = A7487698A11D4204ABED06D3 /* libGTM_StringEncoding.a */; };
		400A37FC1B3346C1A6DCB485 /* libGTM_SystemVersion.a in Frameworks */ = {isa = PBXBuildFile; fileRef = 7B46704D71E842A4A576785B /* libGTM_SystemVersion.a */; };
		B49FDE9DE8C3406891DAD8B3 /* libGTM_UIFont+LineHeight.a in Frameworks */ = {isa = PBXBuildFile; fileRef = 25EDD824B5EF40B883EC3A44 /* libGTM_UIFont+LineHeight.a */; };
		8D865F42E02F46908D413747 /* libGTM_core.a in Frameworks */ = {isa = PBXBuildFile; fileRef = E680049197E44B0FB41043B3 /* libGTM_core.a */; };
		C5D682491E844625B85317E7 /* libGTM_iPhone.a in Frameworks */ = {isa = PBXBuildFile; fileRef = 1FD09507BA574C14B78A762A /* libGTM_iPhone.a */; };
		79B4BAD1F7054314B68C6771 /* libGcmLib.a in Frameworks */ = {isa = PBXBuildFile; fileRef = 7FCF7DF9C5F241F7BDEF5745 /* libGcmLib.a */; };
		49166E13C64E46759EA7742F /* libProtocolBuffers.a in Frameworks */ = {isa = PBXBuildFile; fileRef = 67B5256E807745ED996E3B39 /* libProtocolBuffers.a */; };
		1C2D5E0F51624743A5BE62FD /* AddressBook.framework in Frameworks */ = {isa = PBXBuildFile; fileRef = EFDC64A261494E21995D78C0 /* AddressBook.framework */; };
		6830ED82D4FC4DB6B9ACF270 /* libsqlite3.tbd in Frameworks */ = {isa = PBXBuildFile; fileRef = 52DE468FCDCE469D8B81E98A /* libsqlite3.tbd */; };
		CE6C26EA4F08423C8DF17E51 /* libz.tbd in Frameworks */ = {isa = PBXBuildFile; fileRef = B9BC5BFADA3E4E48A44FF3C3 /* libz.tbd */; };
		EA4D442F111B4566B76A1BC4 /* CDVDevice.m in Sources */ = {isa = PBXBuildFile; fileRef = A6FF11D934C346319B98D3C3 /* CDVDevice.m */; };
		1B3733B00DFB437E856C0A8A /* CDVNotification.m in Sources */ = {isa = PBXBuildFile; fileRef = 14796B866E614C14AE79E350 /* CDVNotification.m */; };
		90FFA59FFD0F4D1D8145DF48 /* CDVNotification.bundle in Resources */ = {isa = PBXBuildFile; fileRef = 50FF53516E7A46699BC61C96 /* CDVNotification.bundle */; };
		BD7C32C59A94475F915BB6C6 /* AudioToolbox.framework in Frameworks */ = {isa = PBXBuildFile; fileRef = 2194E01DAD124E7FBFF55CAD /* AudioToolbox.framework */; settings = {ATTRIBUTES = (Weak, ); }; };
		D778C152117F49E69F2EAEAF /* CDVInAppBrowser.m in Sources */ = {isa = PBXBuildFile; fileRef = E6C661777BAE42CB96E86995 /* CDVInAppBrowser.m */; };
		4CD62C8A6AEE484A923DAF7B /* CDVConnection.m in Sources */ = {isa = PBXBuildFile; fileRef = DDE848C7FBAA4F5981724D0C /* CDVConnection.m */; };
		2D51EBA736B1483B861BDC2C /* CDVReachability.m in Sources */ = {isa = PBXBuildFile; fileRef = A4C4A3D0DB8E434EBE23A607 /* CDVReachability.m */; };
		8C07CD120DC343709252EF06 /* SystemConfiguration.framework in Frameworks */ = {isa = PBXBuildFile; fileRef = 753F8640C6074685B43A1144 /* SystemConfiguration.framework */; settings = {ATTRIBUTES = (Weak, ); }; };
		65B39CF9051D4C59A84D50C1 /* CoreTelephony.framework in Frameworks */ = {isa = PBXBuildFile; fileRef = C318B8579F4B4C3597B4C03C /* CoreTelephony.framework */; };
		21A1D15AA93A4643BD513E5E /* CDVStatusBar.m in Sources */ = {isa = PBXBuildFile; fileRef = 6FA030A31DA147A5A446F20B /* CDVStatusBar.m */; };
/* End PBXBuildFile section */

/* Begin PBXContainerItemProxy section */
		301BF534109A57CC0062928A /* PBXContainerItemProxy */ = {
			isa = PBXContainerItemProxy;
			containerPortal = 301BF52D109A57CC0062928A /* CordovaLib.xcodeproj */;
			proxyType = 2;
			remoteGlobalIDString = D2AAC07E0554694100DB518D;
			remoteInfo = CordovaLib;
		};
		301BF550109A68C00062928A /* PBXContainerItemProxy */ = {
			isa = PBXContainerItemProxy;
			containerPortal = 301BF52D109A57CC0062928A /* CordovaLib.xcodeproj */;
			proxyType = 1;
			remoteGlobalIDString = D2AAC07D0554694100DB518D;
			remoteInfo = CordovaLib;
		};
/* End PBXContainerItemProxy section */

/* Begin PBXFileReference section */
		0207DA571B56EA530066E2B4 /* Images.xcassets */ = {isa = PBXFileReference; lastKnownFileType = folder.assetcatalog; name = Images.xcassets; path = "Casa è/Images.xcassets"; sourceTree = SOURCE_ROOT; };
		1D3623240D0F684500981E51 /* AppDelegate.h */ = {isa = PBXFileReference; fileEncoding = 4; lastKnownFileType = sourcecode.c.h; path = AppDelegate.h; sourceTree = "<group>"; };
		1D3623250D0F684500981E51 /* AppDelegate.m */ = {isa = PBXFileReference; fileEncoding = 4; lastKnownFileType = sourcecode.c.objc; path = AppDelegate.m; sourceTree = "<group>"; };
		1D6058910D05DD3D006BFB54 /* Casa è.app */ = {isa = PBXFileReference; explicitFileType = wrapper.application; includeInIndex = 0; path = "Casa è.app"; sourceTree = BUILT_PRODUCTS_DIR; };
		29B97316FDCFA39411CA2CEA /* main.m */ = {isa = PBXFileReference; fileEncoding = 4; lastKnownFileType = sourcecode.c.objc; path = main.m; sourceTree = "<group>"; };
		301BF52D109A57CC0062928A /* CordovaLib.xcodeproj */ = {isa = PBXFileReference; lastKnownFileType = "wrapper.pb-project"; name = CordovaLib.xcodeproj; path = CordovaLib/CordovaLib.xcodeproj; sourceTree = "<group>"; };
		301BF56E109A69640062928A /* www */ = {isa = PBXFileReference; lastKnownFileType = folder; path = www; sourceTree = SOURCE_ROOT; };
		302D95EE14D2391D003F00A1 /* MainViewController.h */ = {isa = PBXFileReference; fileEncoding = 4; lastKnownFileType = sourcecode.c.h; path = MainViewController.h; sourceTree = "<group>"; };
		302D95EF14D2391D003F00A1 /* MainViewController.m */ = {isa = PBXFileReference; fileEncoding = 4; lastKnownFileType = sourcecode.c.objc; path = MainViewController.m; sourceTree = "<group>"; };
		302D95F014D2391D003F00A1 /* MainViewController.xib */ = {isa = PBXFileReference; fileEncoding = 4; lastKnownFileType = file.xib; path = MainViewController.xib; sourceTree = "<group>"; };
		3047A50F1AB8059700498E2A /* build-debug.xcconfig */ = {isa = PBXFileReference; fileEncoding = 4; lastKnownFileType = text.xcconfig; name = "build-debug.xcconfig"; path = cordova/build-debug.xcconfig; sourceTree = SOURCE_ROOT; };
		3047A5101AB8059700498E2A /* build-release.xcconfig */ = {isa = PBXFileReference; fileEncoding = 4; lastKnownFileType = text.xcconfig; name = "build-release.xcconfig"; path = cordova/build-release.xcconfig; sourceTree = SOURCE_ROOT; };
		3047A5111AB8059700498E2A /* build.xcconfig */ = {isa = PBXFileReference; fileEncoding = 4; lastKnownFileType = text.xcconfig; name = build.xcconfig; path = cordova/build.xcconfig; sourceTree = SOURCE_ROOT; };
		32CA4F630368D1EE00C91783 /* Casa è-Prefix.pch */ = {isa = PBXFileReference; fileEncoding = 4; lastKnownFileType = sourcecode.c.h; path = "Casa è-Prefix.pch"; sourceTree = "<group>"; };
		6AFF5BF81D6E424B00AB3073 /* CDVLaunchScreen.storyboard */ = {isa = PBXFileReference; fileEncoding = 4; lastKnownFileType = file.storyboard; name = CDVLaunchScreen.storyboard; path = "Casa è/CDVLaunchScreen.storyboard"; sourceTree = SOURCE_ROOT; };
		8D1107310486CEB800E47090 /* Casa è-Info.plist */ = {isa = PBXFileReference; fileEncoding = 4; lastKnownFileType = text.plist.xml; name = "Casa è-Info.plist"; path = "Casa è/Casa è-Info.plist"; plistStructureDefinitionIdentifier = "com.apple.xcode.plist.structure-definition.iphone.info-plist"; sourceTree = SOURCE_ROOT; };
		EB87FDF31871DA8E0020F90C /* www */ = {isa = PBXFileReference; lastKnownFileType = folder; name = www; path = ../../www; sourceTree = "<group>"; };
		EB87FDF41871DAF40020F90C /* config.xml */ = {isa = PBXFileReference; lastKnownFileType = text.xml; name = config.xml; path = ../../config.xml; sourceTree = "<group>"; };
		F840E1F0165FE0F500CFE078 /* config.xml */ = {isa = PBXFileReference; lastKnownFileType = text.xml; name = config.xml; path = "Casa è/config.xml"; sourceTree = "<group>"; };
		ED33DF2A687741AEAF9F8254 /* Bridging-Header.h */ = {isa = PBXFileReference; fileEncoding = 4; lastKnownFileType = sourcecode.c.h; name = "Bridging-Header.h"; path = "Bridging-Header.h"; sourceTree = "<group>"; };
		B6781FB6C1AD46E7B0AAFD95 /* AppDelegate+notification.m */ = {isa = PBXFileReference; name = "AppDelegate+notification.m"; path = "phonegap-plugin-push/AppDelegate+notification.m"; sourceTree = "<group>"; fileEncoding = 4; lastKnownFileType = sourcecode.c.objc; explicitFileType = undefined; includeInIndex = 0; };
		3579F33C54B54D8589513C97 /* PushPlugin.m */ = {isa = PBXFileReference; name = "PushPlugin.m"; path = "phonegap-plugin-push/PushPlugin.m"; sourceTree = "<group>"; fileEncoding = 4; lastKnownFileType = sourcecode.c.objc; explicitFileType = undefined; includeInIndex = 0; };
		ECE4AF8C6E7849C3BB997FE2 /* libGGLCloudMessaging.a */ = {isa = PBXFileReference; name = "libGGLCloudMessaging.a"; path = "Casa è/Plugins/phonegap-plugin-push/GCM/Libraries/libGGLCloudMessaging.a"; sourceTree = "<group>"; fileEncoding = undefined; lastKnownFileType = archive.ar; explicitFileType = undefined; includeInIndex = 0; };
		E1C1BAE8627C4AA8AB2FDC6B /* libGGLCore.a */ = {isa = PBXFileReference; name = "libGGLCore.a"; path = "Casa è/Plugins/phonegap-plugin-push/GCM/Libraries/libGGLCore.a"; sourceTree = "<group>"; fileEncoding = undefined; lastKnownFileType = archive.ar; explicitFileType = undefined; includeInIndex = 0; };
		B3B97C1A2B7340EAA0E09D7E /* libGGLInstanceIDLib.a */ = {isa = PBXFileReference; name = "libGGLInstanceIDLib.a"; path = "Casa è/Plugins/phonegap-plugin-push/GCM/Libraries/libGGLInstanceIDLib.a"; sourceTree = "<group>"; fileEncoding = undefined; lastKnownFileType = archive.ar; explicitFileType = undefined; includeInIndex = 0; };
		B4C6392D58A44E6B9BD18EBF /* libGIP_Reachability.a */ = {isa = PBXFileReference; name = "libGIP_Reachability.a"; path = "Casa è/Plugins/phonegap-plugin-push/GCM/Libraries/libGIP_Reachability.a"; sourceTree = "<group>"; fileEncoding = undefined; lastKnownFileType = archive.ar; explicitFileType = undefined; includeInIndex = 0; };
		CC2FECC917D746AA96412018 /* libGSDK_Overload.a */ = {isa = PBXFileReference; name = "libGSDK_Overload.a"; path = "Casa è/Plugins/phonegap-plugin-push/GCM/Libraries/libGSDK_Overload.a"; sourceTree = "<group>"; fileEncoding = undefined; lastKnownFileType = archive.ar; explicitFileType = undefined; includeInIndex = 0; };
		7D117B5082DB4CD28298B748 /* libGTMSessionFetcher_core.a */ = {isa = PBXFileReference; name = "libGTMSessionFetcher_core.a"; path = "Casa è/Plugins/phonegap-plugin-push/GCM/Libraries/libGTMSessionFetcher_core.a"; sourceTree = "<group>"; fileEncoding = undefined; lastKnownFileType = archive.ar; explicitFileType = undefined; includeInIndex = 0; };
		26BAFF48AF224847951DBF18 /* libGTMSessionFetcher_full.a */ = {isa = PBXFileReference; name = "libGTMSessionFetcher_full.a"; path = "Casa è/Plugins/phonegap-plugin-push/GCM/Libraries/libGTMSessionFetcher_full.a"; sourceTree = "<group>"; fileEncoding = undefined; lastKnownFileType = archive.ar; explicitFileType = undefined; includeInIndex = 0; };
		C093E0DAF9414E71B2263A1D /* libGTMStackTrace.a */ = {isa = PBXFileReference; name = "libGTMStackTrace.a"; path = "Casa è/Plugins/phonegap-plugin-push/GCM/Libraries/libGTMStackTrace.a"; sourceTree = "<group>"; fileEncoding = undefined; lastKnownFileType = archive.ar; explicitFileType = undefined; includeInIndex = 0; };
		0424064E2FF74A38BA9DD6A7 /* libGTM_AddressBook.a */ = {isa = PBXFileReference; name = "libGTM_AddressBook.a"; path = "Casa è/Plugins/phonegap-plugin-push/GCM/Libraries/libGTM_AddressBook.a"; sourceTree = "<group>"; fileEncoding = undefined; lastKnownFileType = archive.ar; explicitFileType = undefined; includeInIndex = 0; };
		66B1FA0E038C467B8F674C14 /* libGTM_DebugUtils.a */ = {isa = PBXFileReference; name = "libGTM_DebugUtils.a"; path = "Casa è/Plugins/phonegap-plugin-push/GCM/Libraries/libGTM_DebugUtils.a"; sourceTree = "<group>"; fileEncoding = undefined; lastKnownFileType = archive.ar; explicitFileType = undefined; includeInIndex = 0; };
		A2714E728EB346D78E9F9A14 /* libGTM_GTMURLBuilder.a */ = {isa = PBXFileReference; name = "libGTM_GTMURLBuilder.a"; path = "Casa è/Plugins/phonegap-plugin-push/GCM/Libraries/libGTM_GTMURLBuilder.a"; sourceTree = "<group>"; fileEncoding = undefined; lastKnownFileType = archive.ar; explicitFileType = undefined; includeInIndex = 0; };
		54495D9BD2284602B3A3167E /* libGTM_KVO.a */ = {isa = PBXFileReference; name = "libGTM_KVO.a"; path = "Casa è/Plugins/phonegap-plugin-push/GCM/Libraries/libGTM_KVO.a"; sourceTree = "<group>"; fileEncoding = undefined; lastKnownFileType = archive.ar; explicitFileType = undefined; includeInIndex = 0; };
		368BB63ED39C46958B7E2A46 /* libGTM_NSData+zlib.a */ = {isa = PBXFileReference; name = "libGTM_NSData+zlib.a"; path = "Casa è/Plugins/phonegap-plugin-push/GCM/Libraries/libGTM_NSData+zlib.a"; sourceTree = "<group>"; fileEncoding = undefined; lastKnownFileType = archive.ar; explicitFileType = undefined; includeInIndex = 0; };
		DD3F4CF0D82947DB9323A83A /* libGTM_NSDictionary+URLArguments.a */ = {isa = PBXFileReference; name = "libGTM_NSDictionary+URLArguments.a"; path = "Casa è/Plugins/phonegap-plugin-push/GCM/Libraries/libGTM_NSDictionary+URLArguments.a"; sourceTree = "<group>"; fileEncoding = undefined; lastKnownFileType = archive.ar; explicitFileType = undefined; includeInIndex = 0; };
		ACDA5B56E558461EA2B26CE6 /* libGTM_NSScannerJSON.a */ = {isa = PBXFileReference; name = "libGTM_NSScannerJSON.a"; path = "Casa è/Plugins/phonegap-plugin-push/GCM/Libraries/libGTM_NSScannerJSON.a"; sourceTree = "<group>"; fileEncoding = undefined; lastKnownFileType = archive.ar; explicitFileType = undefined; includeInIndex = 0; };
		161BE2293829402986F6CAC5 /* libGTM_NSStringHTML.a */ = {isa = PBXFileReference; name = "libGTM_NSStringHTML.a"; path = "Casa è/Plugins/phonegap-plugin-push/GCM/Libraries/libGTM_NSStringHTML.a"; sourceTree = "<group>"; fileEncoding = undefined; lastKnownFileType = archive.ar; explicitFileType = undefined; includeInIndex = 0; };
		E79DECB99D034D6399040485 /* libGTM_NSStringXML.a */ = {isa = PBXFileReference; name = "libGTM_NSStringXML.a"; path = "Casa è/Plugins/phonegap-plugin-push/GCM/Libraries/libGTM_NSStringXML.a"; sourceTree = "<group>"; fileEncoding = undefined; lastKnownFileType = archive.ar; explicitFileType = undefined; includeInIndex = 0; };
		5B85901DFF8F4B3E9236681C /* libGTM_Regex.a */ = {isa = PBXFileReference; name = "libGTM_Regex.a"; path = "Casa è/Plugins/phonegap-plugin-push/GCM/Libraries/libGTM_Regex.a"; sourceTree = "<group>"; fileEncoding = undefined; lastKnownFileType = archive.ar; explicitFileType = undefined; includeInIndex = 0; };
		DF24950AE6CA4CAEACC0EFB5 /* libGTM_RoundedRectPath.a */ = {isa = PBXFileReference; name = "libGTM_RoundedRectPath.a"; path = "Casa è/Plugins/phonegap-plugin-push/GCM/Libraries/libGTM_RoundedRectPath.a"; sourceTree = "<group>"; fileEncoding = undefined; lastKnownFileType = archive.ar; explicitFileType = undefined; includeInIndex = 0; };
		A7487698A11D4204ABED06D3 /* libGTM_StringEncoding.a */ = {isa = PBXFileReference; name = "libGTM_StringEncoding.a"; path = "Casa è/Plugins/phonegap-plugin-push/GCM/Libraries/libGTM_StringEncoding.a"; sourceTree = "<group>"; fileEncoding = undefined; lastKnownFileType = archive.ar; explicitFileType = undefined; includeInIndex = 0; };
		7B46704D71E842A4A576785B /* libGTM_SystemVersion.a */ = {isa = PBXFileReference; name = "libGTM_SystemVersion.a"; path = "Casa è/Plugins/phonegap-plugin-push/GCM/Libraries/libGTM_SystemVersion.a"; sourceTree = "<group>"; fileEncoding = undefined; lastKnownFileType = archive.ar; explicitFileType = undefined; includeInIndex = 0; };
		25EDD824B5EF40B883EC3A44 /* libGTM_UIFont+LineHeight.a */ = {isa = PBXFileReference; name = "libGTM_UIFont+LineHeight.a"; path = "Casa è/Plugins/phonegap-plugin-push/GCM/Libraries/libGTM_UIFont+LineHeight.a"; sourceTree = "<group>"; fileEncoding = undefined; lastKnownFileType = archive.ar; explicitFileType = undefined; includeInIndex = 0; };
		E680049197E44B0FB41043B3 /* libGTM_core.a */ = {isa = PBXFileReference; name = "libGTM_core.a"; path = "Casa è/Plugins/phonegap-plugin-push/GCM/Libraries/libGTM_core.a"; sourceTree = "<group>"; fileEncoding = undefined; lastKnownFileType = archive.ar; explicitFileType = undefined; includeInIndex = 0; };
		1FD09507BA574C14B78A762A /* libGTM_iPhone.a */ = {isa = PBXFileReference; name = "libGTM_iPhone.a"; path = "Casa è/Plugins/phonegap-plugin-push/GCM/Libraries/libGTM_iPhone.a"; sourceTree = "<group>"; fileEncoding = undefined; lastKnownFileType = archive.ar; explicitFileType = undefined; includeInIndex = 0; };
		7FCF7DF9C5F241F7BDEF5745 /* libGcmLib.a */ = {isa = PBXFileReference; name = "libGcmLib.a"; path = "Casa è/Plugins/phonegap-plugin-push/GCM/Libraries/libGcmLib.a"; sourceTree = "<group>"; fileEncoding = undefined; lastKnownFileType = archive.ar; explicitFileType = undefined; includeInIndex = 0; };
		67B5256E807745ED996E3B39 /* libProtocolBuffers.a */ = {isa = PBXFileReference; name = "libProtocolBuffers.a"; path = "Casa è/Plugins/phonegap-plugin-push/GCM/Libraries/libProtocolBuffers.a"; sourceTree = "<group>"; fileEncoding = undefined; lastKnownFileType = archive.ar; explicitFileType = undefined; includeInIndex = 0; };
		A6A4EFE664FE4F2CA0250087 /* AppDelegate+notification.h */ = {isa = PBXFileReference; name = "AppDelegate+notification.h"; path = "phonegap-plugin-push/AppDelegate+notification.h"; sourceTree = "<group>"; fileEncoding = 4; lastKnownFileType = sourcecode.c.h; explicitFileType = undefined; includeInIndex = 0; };
		176655180D604DD59FDFB44C /* PushPlugin.h */ = {isa = PBXFileReference; name = "PushPlugin.h"; path = "phonegap-plugin-push/PushPlugin.h"; sourceTree = "<group>"; fileEncoding = 4; lastKnownFileType = sourcecode.c.h; explicitFileType = undefined; includeInIndex = 0; };
		B96FCBF586284823870FBEB3 /* GGLInstanceID.h */ = {isa = PBXFileReference; name = "GGLInstanceID.h"; path = "phonegap-plugin-push/GCM/Headers/GGLInstanceID.h"; sourceTree = "<group>"; fileEncoding = 4; lastKnownFileType = sourcecode.c.h; explicitFileType = undefined; includeInIndex = 0; };
		E60D492FF75D4D4D9CEF6C8F /* GGLInstanceIDConfig.h */ = {isa = PBXFileReference; name = "GGLInstanceIDConfig.h"; path = "phonegap-plugin-push/GCM/Headers/GGLInstanceIDConfig.h"; sourceTree = "<group>"; fileEncoding = 4; lastKnownFileType = sourcecode.c.h; explicitFileType = undefined; includeInIndex = 0; };
		8AF027729CD446409582A5A2 /* GGLInstanceIDDelegate.h */ = {isa = PBXFileReference; name = "GGLInstanceIDDelegate.h"; path = "phonegap-plugin-push/GCM/Headers/GGLInstanceIDDelegate.h"; sourceTree = "<group>"; fileEncoding = 4; lastKnownFileType = sourcecode.c.h; explicitFileType = undefined; includeInIndex = 0; };
		93975104F7F040F996413335 /* GGLInstanceIDHeaders.h */ = {isa = PBXFileReference; name = "GGLInstanceIDHeaders.h"; path = "phonegap-plugin-push/GCM/Headers/GGLInstanceIDHeaders.h"; sourceTree = "<group>"; fileEncoding = 4; lastKnownFileType = sourcecode.c.h; explicitFileType = undefined; includeInIndex = 0; };
		3764EC3D9DC1445A82F394B1 /* CloudMessaging.h */ = {isa = PBXFileReference; name = "CloudMessaging.h"; path = "phonegap-plugin-push/GCM/Headers/CloudMessaging.h"; sourceTree = "<group>"; fileEncoding = 4; lastKnownFileType = sourcecode.c.h; explicitFileType = undefined; includeInIndex = 0; };
		8DF42EC6805F45B6A630EDE3 /* GGLContext+CloudMessaging.h */ = {isa = PBXFileReference; name = "GGLContext+CloudMessaging.h"; path = "phonegap-plugin-push/GCM/Headers/GGLContext+CloudMessaging.h"; sourceTree = "<group>"; fileEncoding = 4; lastKnownFileType = sourcecode.c.h; explicitFileType = undefined; includeInIndex = 0; };
		D41F0EE327564436BEFA886E /* Core.h */ = {isa = PBXFileReference; name = "Core.h"; path = "phonegap-plugin-push/GCM/Headers/Core.h"; sourceTree = "<group>"; fileEncoding = 4; lastKnownFileType = sourcecode.c.h; explicitFileType = undefined; includeInIndex = 0; };
		188A37D2527342A5A8573DA4 /* GGLConfiguration.h */ = {isa = PBXFileReference; name = "GGLConfiguration.h"; path = "phonegap-plugin-push/GCM/Headers/GGLConfiguration.h"; sourceTree = "<group>"; fileEncoding = 4; lastKnownFileType = sourcecode.c.h; explicitFileType = undefined; includeInIndex = 0; };
		5850A016057D45D8B566DDBF /* GGLContext.h */ = {isa = PBXFileReference; name = "GGLContext.h"; path = "phonegap-plugin-push/GCM/Headers/GGLContext.h"; sourceTree = "<group>"; fileEncoding = 4; lastKnownFileType = sourcecode.c.h; explicitFileType = undefined; includeInIndex = 0; };
		BDA9A89A6B5C4CEB87F6057F /* GGLErrorCode.h */ = {isa = PBXFileReference; name = "GGLErrorCode.h"; path = "phonegap-plugin-push/GCM/Headers/GGLErrorCode.h"; sourceTree = "<group>"; fileEncoding = 4; lastKnownFileType = sourcecode.c.h; explicitFileType = undefined; includeInIndex = 0; };
		389BB8EDC142451F9434B0A4 /* GCMConfig.h */ = {isa = PBXFileReference; name = "GCMConfig.h"; path = "phonegap-plugin-push/GCM/Headers/GCMConfig.h"; sourceTree = "<group>"; fileEncoding = 4; lastKnownFileType = sourcecode.c.h; explicitFileType = undefined; includeInIndex = 0; };
		CAE67E9AEF5942DDA0B92CEC /* GCMPubSub.h */ = {isa = PBXFileReference; name = "GCMPubSub.h"; path = "phonegap-plugin-push/GCM/Headers/GCMPubSub.h"; sourceTree = "<group>"; fileEncoding = 4; lastKnownFileType = sourcecode.c.h; explicitFileType = undefined; includeInIndex = 0; };
		9839780BB0074FCA8BE9B6A1 /* GCMReceiverDelegate.h */ = {isa = PBXFileReference; name = "GCMReceiverDelegate.h"; path = "phonegap-plugin-push/GCM/Headers/GCMReceiverDelegate.h"; sourceTree = "<group>"; fileEncoding = 4; lastKnownFileType = sourcecode.c.h; explicitFileType = undefined; includeInIndex = 0; };
		12A69CCF1A1C40E184000F9C /* GCMService.h */ = {isa = PBXFileReference; name = "GCMService.h"; path = "phonegap-plugin-push/GCM/Headers/GCMService.h"; sourceTree = "<group>"; fileEncoding = 4; lastKnownFileType = sourcecode.c.h; explicitFileType = undefined; includeInIndex = 0; };
		861754AFCAB44E5EBF365DD4 /* GoogleCloudMessaging.h */ = {isa = PBXFileReference; name = "GoogleCloudMessaging.h"; path = "phonegap-plugin-push/GCM/Headers/GoogleCloudMessaging.h"; sourceTree = "<group>"; fileEncoding = 4; lastKnownFileType = sourcecode.c.h; explicitFileType = undefined; includeInIndex = 0; };
		EFDC64A261494E21995D78C0 /* AddressBook.framework */ = {isa = PBXFileReference; name = "AddressBook.framework"; path = "System/Library/Frameworks/AddressBook.framework"; sourceTree = SDKROOT; fileEncoding = undefined; lastKnownFileType = wrapper.framework; explicitFileType = undefined; includeInIndex = 0; };
		52DE468FCDCE469D8B81E98A /* libsqlite3.tbd */ = {isa = PBXFileReference; name = "libsqlite3.tbd"; path = "usr/lib/libsqlite3.tbd"; sourceTree = SDKROOT; fileEncoding = undefined; lastKnownFileType = sourcecode.text-based-dylib-definition; explicitFileType = undefined; includeInIndex = 0; };
		B9BC5BFADA3E4E48A44FF3C3 /* libz.tbd */ = {isa = PBXFileReference; name = "libz.tbd"; path = "usr/lib/libz.tbd"; sourceTree = SDKROOT; fileEncoding = undefined; lastKnownFileType = sourcecode.text-based-dylib-definition; explicitFileType = undefined; includeInIndex = 0; };
		A6FF11D934C346319B98D3C3 /* CDVDevice.m */ = {isa = PBXFileReference; name = "CDVDevice.m"; path = "cordova-plugin-device/CDVDevice.m"; sourceTree = "<group>"; fileEncoding = 4; lastKnownFileType = sourcecode.c.objc; explicitFileType = undefined; includeInIndex = 0; };
		DA8A857057C84B1597BF4DF9 /* CDVDevice.h */ = {isa = PBXFileReference; name = "CDVDevice.h"; path = "cordova-plugin-device/CDVDevice.h"; sourceTree = "<group>"; fileEncoding = 4; lastKnownFileType = sourcecode.c.h; explicitFileType = undefined; includeInIndex = 0; };
		14796B866E614C14AE79E350 /* CDVNotification.m */ = {isa = PBXFileReference; name = "CDVNotification.m"; path = "cordova-plugin-dialogs/CDVNotification.m"; sourceTree = "<group>"; fileEncoding = 4; lastKnownFileType = sourcecode.c.objc; explicitFileType = undefined; includeInIndex = 0; };
		3E1635DA78E54EAF9FEABD37 /* CDVNotification.h */ = {isa = PBXFileReference; name = "CDVNotification.h"; path = "cordova-plugin-dialogs/CDVNotification.h"; sourceTree = "<group>"; fileEncoding = 4; lastKnownFileType = sourcecode.c.h; explicitFileType = undefined; includeInIndex = 0; };
		50FF53516E7A46699BC61C96 /* CDVNotification.bundle */ = {isa = PBXFileReference; name = "CDVNotification.bundle"; path = "CDVNotification.bundle"; sourceTree = "<group>"; fileEncoding = undefined; lastKnownFileType = wrapper.plug-in; explicitFileType = undefined; includeInIndex = 0; };
		2194E01DAD124E7FBFF55CAD /* AudioToolbox.framework */ = {isa = PBXFileReference; name = "AudioToolbox.framework"; path = "System/Library/Frameworks/AudioToolbox.framework"; sourceTree = SDKROOT; fileEncoding = undefined; lastKnownFileType = wrapper.framework; explicitFileType = undefined; includeInIndex = 0; };
		E6C661777BAE42CB96E86995 /* CDVInAppBrowser.m */ = {isa = PBXFileReference; name = "CDVInAppBrowser.m"; path = "cordova-plugin-inappbrowser/CDVInAppBrowser.m"; sourceTree = "<group>"; fileEncoding = 4; lastKnownFileType = sourcecode.c.objc; explicitFileType = undefined; includeInIndex = 0; };
		6593138B3BAB41CEA391B69D /* CDVInAppBrowser.h */ = {isa = PBXFileReference; name = "CDVInAppBrowser.h"; path = "cordova-plugin-inappbrowser/CDVInAppBrowser.h"; sourceTree = "<group>"; fileEncoding = 4; lastKnownFileType = sourcecode.c.h; explicitFileType = undefined; includeInIndex = 0; };
		DDE848C7FBAA4F5981724D0C /* CDVConnection.m */ = {isa = PBXFileReference; name = "CDVConnection.m"; path = "cordova-plugin-network-information/CDVConnection.m"; sourceTree = "<group>"; fileEncoding = 4; lastKnownFileType = sourcecode.c.objc; explicitFileType = undefined; includeInIndex = 0; };
		A4C4A3D0DB8E434EBE23A607 /* CDVReachability.m */ = {isa = PBXFileReference; name = "CDVReachability.m"; path = "cordova-plugin-network-information/CDVReachability.m"; sourceTree = "<group>"; fileEncoding = 4; lastKnownFileType = sourcecode.c.objc; explicitFileType = undefined; includeInIndex = 0; };
		424A0FBA57124D5BA16B6BFB /* CDVConnection.h */ = {isa = PBXFileReference; name = "CDVConnection.h"; path = "cordova-plugin-network-information/CDVConnection.h"; sourceTree = "<group>"; fileEncoding = 4; lastKnownFileType = sourcecode.c.h; explicitFileType = undefined; includeInIndex = 0; };
		7E9CF023D8D848F6ADD51034 /* CDVReachability.h */ = {isa = PBXFileReference; name = "CDVReachability.h"; path = "cordova-plugin-network-information/CDVReachability.h"; sourceTree = "<group>"; fileEncoding = 4; lastKnownFileType = sourcecode.c.h; explicitFileType = undefined; includeInIndex = 0; };
		753F8640C6074685B43A1144 /* SystemConfiguration.framework */ = {isa = PBXFileReference; name = "SystemConfiguration.framework"; path = "System/Library/Frameworks/SystemConfiguration.framework"; sourceTree = SDKROOT; fileEncoding = undefined; lastKnownFileType = wrapper.framework; explicitFileType = undefined; includeInIndex = 0; };
		C318B8579F4B4C3597B4C03C /* CoreTelephony.framework */ = {isa = PBXFileReference; name = "CoreTelephony.framework"; path = "System/Library/Frameworks/CoreTelephony.framework"; sourceTree = SDKROOT; fileEncoding = undefined; lastKnownFileType = wrapper.framework; explicitFileType = undefined; includeInIndex = 0; };
		6FA030A31DA147A5A446F20B /* CDVStatusBar.m */ = {isa = PBXFileReference; name = "CDVStatusBar.m"; path = "cordova-plugin-statusbar/CDVStatusBar.m"; sourceTree = "<group>"; fileEncoding = 4; lastKnownFileType = sourcecode.c.objc; explicitFileType = undefined; includeInIndex = 0; };
		9490AFFEF26E4E958B4F1CDA /* CDVStatusBar.h */ = {isa = PBXFileReference; name = "CDVStatusBar.h"; path = "cordova-plugin-statusbar/CDVStatusBar.h"; sourceTree = "<group>"; fileEncoding = 4; lastKnownFileType = sourcecode.c.h; explicitFileType = undefined; includeInIndex = 0; };
/* End PBXFileReference section */

/* Begin PBXFrameworksBuildPhase section */
		1D60588F0D05DD3D006BFB54 /* Frameworks */ = {
			isa = PBXFrameworksBuildPhase;
			buildActionMask = 2147483647;
			files = (
				301BF552109A68D80062928A /* libCordova.a in Frameworks */,
				7B2393ADDE634CF5BF73824E /* libGGLCloudMessaging.a in Frameworks */,
				9BC30E929EEE45028E7E9B7A /* libGGLCore.a in Frameworks */,
				30AF8F8CD0E944D7B291BBDC /* libGGLInstanceIDLib.a in Frameworks */,
				0AC3400B850349968CD49227 /* libGIP_Reachability.a in Frameworks */,
				793949E7D9164CBDB64FCF1C /* libGSDK_Overload.a in Frameworks */,
				FA194ADE0C47420480BC0AF7 /* libGTMSessionFetcher_core.a in Frameworks */,
				6D6B6EDBC31741D9829EFC43 /* libGTMSessionFetcher_full.a in Frameworks */,
				F339A040456A457B9F4CD7F3 /* libGTMStackTrace.a in Frameworks */,
				6242F20365DE4ADD8E3DB4F6 /* libGTM_AddressBook.a in Frameworks */,
				2EEF0072522346018A754794 /* libGTM_DebugUtils.a in Frameworks */,
				F7A8C917560D45DDA3EC4125 /* libGTM_GTMURLBuilder.a in Frameworks */,
				E4560C0935774E589EF15942 /* libGTM_KVO.a in Frameworks */,
				A54197FD2F214E42B7FB487B /* libGTM_NSData+zlib.a in Frameworks */,
				E95511669EFC4AA6A25070EA /* libGTM_NSDictionary+URLArguments.a in Frameworks */,
				AF071CCC23B04B79AC1E076D /* libGTM_NSScannerJSON.a in Frameworks */,
				47113DC9D32E4BDAAF05E15B /* libGTM_NSStringHTML.a in Frameworks */,
				B03855682FD6400D928CDD0D /* libGTM_NSStringXML.a in Frameworks */,
				0512C1D746484D218810FD14 /* libGTM_Regex.a in Frameworks */,
				CB70BA76166248F69B2C958C /* libGTM_RoundedRectPath.a in Frameworks */,
				40B3D3CA09E64D98B4EE9774 /* libGTM_StringEncoding.a in Frameworks */,
				400A37FC1B3346C1A6DCB485 /* libGTM_SystemVersion.a in Frameworks */,
				B49FDE9DE8C3406891DAD8B3 /* libGTM_UIFont+LineHeight.a in Frameworks */,
				8D865F42E02F46908D413747 /* libGTM_core.a in Frameworks */,
				C5D682491E844625B85317E7 /* libGTM_iPhone.a in Frameworks */,
				79B4BAD1F7054314B68C6771 /* libGcmLib.a in Frameworks */,
				49166E13C64E46759EA7742F /* libProtocolBuffers.a in Frameworks */,
				1C2D5E0F51624743A5BE62FD /* AddressBook.framework in Frameworks */,
				6830ED82D4FC4DB6B9ACF270 /* libsqlite3.tbd in Frameworks */,
				CE6C26EA4F08423C8DF17E51 /* libz.tbd in Frameworks */,
				BD7C32C59A94475F915BB6C6 /* AudioToolbox.framework in Frameworks */,
				8C07CD120DC343709252EF06 /* SystemConfiguration.framework in Frameworks */,
				65B39CF9051D4C59A84D50C1 /* CoreTelephony.framework in Frameworks */,
			);
			runOnlyForDeploymentPostprocessing = 0;
		};
/* End PBXFrameworksBuildPhase section */

/* Begin PBXGroup section */
		080E96DDFE201D6D7F000001 /* Classes */ = {
			isa = PBXGroup;
			children = (
				302D95EE14D2391D003F00A1 /* MainViewController.h */,
				302D95EF14D2391D003F00A1 /* MainViewController.m */,
				302D95F014D2391D003F00A1 /* MainViewController.xib */,
				1D3623240D0F684500981E51 /* AppDelegate.h */,
				1D3623250D0F684500981E51 /* AppDelegate.m */,
			);
			name = Classes;
			path = "Casa è/Classes";
			sourceTree = SOURCE_ROOT;
		};
		19C28FACFE9D520D11CA2CBB /* Products */ = {
			isa = PBXGroup;
			children = (
				1D6058910D05DD3D006BFB54 /* Casa è.app */,
			);
			name = Products;
			sourceTree = "<group>";
		};
		29B97314FDCFA39411CA2CEA /* CustomTemplate */ = {
			isa = PBXGroup;
			children = (
				EB87FDF41871DAF40020F90C /* config.xml */,
				EB87FDF31871DA8E0020F90C /* www */,
				EB87FDF11871DA420020F90C /* Staging */,
				301BF52D109A57CC0062928A /* CordovaLib.xcodeproj */,
				080E96DDFE201D6D7F000001 /* Classes */,
				307C750510C5A3420062BCA9 /* Plugins */,
				29B97315FDCFA39411CA2CEA /* Other Sources */,
				29B97317FDCFA39411CA2CEA /* Resources */,
				29B97323FDCFA39411CA2CEA /* Frameworks */,
				19C28FACFE9D520D11CA2CBB /* Products */,
			);
			name = CustomTemplate;
			sourceTree = "<group>";
		};
		29B97315FDCFA39411CA2CEA /* Other Sources */ = {
			isa = PBXGroup;
			children = (
				32CA4F630368D1EE00C91783 /* Casa è-Prefix.pch */,
				29B97316FDCFA39411CA2CEA /* main.m */,
				ED33DF2A687741AEAF9F8254 /* Bridging-Header.h */,
			);
			name = "Other Sources";
			path = "Casa è";
			sourceTree = "<group>";
		};
		29B97317FDCFA39411CA2CEA /* Resources */ = {
			isa = PBXGroup;
			children = (
				0207DA571B56EA530066E2B4 /* Images.xcassets */,
				3047A50E1AB8057F00498E2A /* config */,
				8D1107310486CEB800E47090 /* Casa è-Info.plist */,
				6AFF5BF81D6E424B00AB3073 /* CDVLaunchScreen.storyboard */,
				50FF53516E7A46699BC61C96 /* CDVNotification.bundle */,
			);
			name = Resources;
			path = "Casa è/Resources";
			sourceTree = "<group>";
		};
		29B97323FDCFA39411CA2CEA /* Frameworks */ = {
			isa = PBXGroup;
			children = (
				ECE4AF8C6E7849C3BB997FE2 /* libGGLCloudMessaging.a */,
				E1C1BAE8627C4AA8AB2FDC6B /* libGGLCore.a */,
				B3B97C1A2B7340EAA0E09D7E /* libGGLInstanceIDLib.a */,
				B4C6392D58A44E6B9BD18EBF /* libGIP_Reachability.a */,
				CC2FECC917D746AA96412018 /* libGSDK_Overload.a */,
				7D117B5082DB4CD28298B748 /* libGTMSessionFetcher_core.a */,
				26BAFF48AF224847951DBF18 /* libGTMSessionFetcher_full.a */,
				C093E0DAF9414E71B2263A1D /* libGTMStackTrace.a */,
				0424064E2FF74A38BA9DD6A7 /* libGTM_AddressBook.a */,
				66B1FA0E038C467B8F674C14 /* libGTM_DebugUtils.a */,
				A2714E728EB346D78E9F9A14 /* libGTM_GTMURLBuilder.a */,
				54495D9BD2284602B3A3167E /* libGTM_KVO.a */,
				368BB63ED39C46958B7E2A46 /* libGTM_NSData+zlib.a */,
				DD3F4CF0D82947DB9323A83A /* libGTM_NSDictionary+URLArguments.a */,
				ACDA5B56E558461EA2B26CE6 /* libGTM_NSScannerJSON.a */,
				161BE2293829402986F6CAC5 /* libGTM_NSStringHTML.a */,
				E79DECB99D034D6399040485 /* libGTM_NSStringXML.a */,
				5B85901DFF8F4B3E9236681C /* libGTM_Regex.a */,
				DF24950AE6CA4CAEACC0EFB5 /* libGTM_RoundedRectPath.a */,
				A7487698A11D4204ABED06D3 /* libGTM_StringEncoding.a */,
				7B46704D71E842A4A576785B /* libGTM_SystemVersion.a */,
				25EDD824B5EF40B883EC3A44 /* libGTM_UIFont+LineHeight.a */,
				E680049197E44B0FB41043B3 /* libGTM_core.a */,
				1FD09507BA574C14B78A762A /* libGTM_iPhone.a */,
				7FCF7DF9C5F241F7BDEF5745 /* libGcmLib.a */,
				67B5256E807745ED996E3B39 /* libProtocolBuffers.a */,
				EFDC64A261494E21995D78C0 /* AddressBook.framework */,
				52DE468FCDCE469D8B81E98A /* libsqlite3.tbd */,
				B9BC5BFADA3E4E48A44FF3C3 /* libz.tbd */,
				2194E01DAD124E7FBFF55CAD /* AudioToolbox.framework */,
				753F8640C6074685B43A1144 /* SystemConfiguration.framework */,
				C318B8579F4B4C3597B4C03C /* CoreTelephony.framework */,
			);
			name = Frameworks;
			sourceTree = "<group>";
		};
		301BF52E109A57CC0062928A /* Products */ = {
			isa = PBXGroup;
			children = (
				301BF535109A57CC0062928A /* libCordova.a */,
			);
			name = Products;
			sourceTree = "<group>";
		};
		3047A50E1AB8057F00498E2A /* config */ = {
			isa = PBXGroup;
			children = (
				3047A50F1AB8059700498E2A /* build-debug.xcconfig */,
				3047A5101AB8059700498E2A /* build-release.xcconfig */,
				3047A5111AB8059700498E2A /* build.xcconfig */,
			);
			name = config;
			sourceTree = "<group>";
		};
		307C750510C5A3420062BCA9 /* Plugins */ = {
			isa = PBXGroup;
			children = (
				B6781FB6C1AD46E7B0AAFD95 /* AppDelegate+notification.m */,
				3579F33C54B54D8589513C97 /* PushPlugin.m */,
				A6A4EFE664FE4F2CA0250087 /* AppDelegate+notification.h */,
				176655180D604DD59FDFB44C /* PushPlugin.h */,
				B96FCBF586284823870FBEB3 /* GGLInstanceID.h */,
				E60D492FF75D4D4D9CEF6C8F /* GGLInstanceIDConfig.h */,
				8AF027729CD446409582A5A2 /* GGLInstanceIDDelegate.h */,
				93975104F7F040F996413335 /* GGLInstanceIDHeaders.h */,
				3764EC3D9DC1445A82F394B1 /* CloudMessaging.h */,
				8DF42EC6805F45B6A630EDE3 /* GGLContext+CloudMessaging.h */,
				D41F0EE327564436BEFA886E /* Core.h */,
				188A37D2527342A5A8573DA4 /* GGLConfiguration.h */,
				5850A016057D45D8B566DDBF /* GGLContext.h */,
				BDA9A89A6B5C4CEB87F6057F /* GGLErrorCode.h */,
				389BB8EDC142451F9434B0A4 /* GCMConfig.h */,
				CAE67E9AEF5942DDA0B92CEC /* GCMPubSub.h */,
				9839780BB0074FCA8BE9B6A1 /* GCMReceiverDelegate.h */,
				12A69CCF1A1C40E184000F9C /* GCMService.h */,
				861754AFCAB44E5EBF365DD4 /* GoogleCloudMessaging.h */,
				A6FF11D934C346319B98D3C3 /* CDVDevice.m */,
				DA8A857057C84B1597BF4DF9 /* CDVDevice.h */,
				14796B866E614C14AE79E350 /* CDVNotification.m */,
				3E1635DA78E54EAF9FEABD37 /* CDVNotification.h */,
				E6C661777BAE42CB96E86995 /* CDVInAppBrowser.m */,
				6593138B3BAB41CEA391B69D /* CDVInAppBrowser.h */,
				DDE848C7FBAA4F5981724D0C /* CDVConnection.m */,
				A4C4A3D0DB8E434EBE23A607 /* CDVReachability.m */,
				424A0FBA57124D5BA16B6BFB /* CDVConnection.h */,
				7E9CF023D8D848F6ADD51034 /* CDVReachability.h */,
				6FA030A31DA147A5A446F20B /* CDVStatusBar.m */,
				9490AFFEF26E4E958B4F1CDA /* CDVStatusBar.h */,
			);
			name = Plugins;
			path = "Casa è/Plugins";
			sourceTree = SOURCE_ROOT;
		};
		EB87FDF11871DA420020F90C /* Staging */ = {
			isa = PBXGroup;
			children = (
				F840E1F0165FE0F500CFE078 /* config.xml */,
				301BF56E109A69640062928A /* www */,
			);
			name = Staging;
			sourceTree = "<group>";
		};
/* End PBXGroup section */

/* Begin PBXNativeTarget section */
		1D6058900D05DD3D006BFB54 /* Casa è */ = {
			isa = PBXNativeTarget;
			buildConfigurationList = 1D6058960D05DD3E006BFB54 /* Build configuration list for PBXNativeTarget "Casa è" */;
			buildPhases = (
				304B58A110DAC018002A0835 /* Copy www directory */,
				1D60588D0D05DD3D006BFB54 /* Resources */,
				1D60588E0D05DD3D006BFB54 /* Sources */,
				1D60588F0D05DD3D006BFB54 /* Frameworks */,
			);
			buildRules = (
			);
			dependencies = (
				301BF551109A68C00062928A /* PBXTargetDependency */,
			);
			name = "Casa è";
			productName = "Casa è";
			productReference = 1D6058910D05DD3D006BFB54 /* Casa è.app */;
			productType = "com.apple.product-type.application";
		};
/* End PBXNativeTarget section */

/* Begin PBXProject section */
		29B97313FDCFA39411CA2CEA /* Project object */ = {
			isa = PBXProject;
			attributes = {
				LastUpgradeCheck = 510;
			};
			buildConfigurationList = C01FCF4E08A954540054247B /* Build configuration list for PBXProject "__NON-CLI__" */;
			compatibilityVersion = "Xcode 3.2";
			developmentRegion = English;
			hasScannedForEncodings = 1;
			mainGroup = 29B97314FDCFA39411CA2CEA /* CustomTemplate */;
			projectDirPath = "";
			projectReferences = (
				{
					ProductGroup = 301BF52E109A57CC0062928A /* Products */;
					ProjectRef = 301BF52D109A57CC0062928A /* CordovaLib.xcodeproj */;
				},
			);
			projectRoot = "";
			targets = (
				1D6058900D05DD3D006BFB54 /* Casa è */,
			);
		};
/* End PBXProject section */

/* Begin PBXReferenceProxy section */
		301BF535109A57CC0062928A /* libCordova.a */ = {
			isa = PBXReferenceProxy;
			fileType = archive.ar;
			path = libCordova.a;
			remoteRef = 301BF534109A57CC0062928A /* PBXContainerItemProxy */;
			sourceTree = BUILT_PRODUCTS_DIR;
		};
/* End PBXReferenceProxy section */

/* Begin PBXResourcesBuildPhase section */
		1D60588D0D05DD3D006BFB54 /* Resources */ = {
			isa = PBXResourcesBuildPhase;
			buildActionMask = 2147483647;
			files = (
				302D95F214D2391D003F00A1 /* MainViewController.xib in Resources */,
				0207DA581B56EA530066E2B4 /* Images.xcassets in Resources */,
				6AFF5BF91D6E424B00AB3073 /* CDVLaunchScreen.storyboard in Resources */,
				90FFA59FFD0F4D1D8145DF48 /* CDVNotification.bundle in Resources */,
			);
			runOnlyForDeploymentPostprocessing = 0;
		};
/* End PBXResourcesBuildPhase section */

/* Begin PBXShellScriptBuildPhase section */
		304B58A110DAC018002A0835 /* Copy www directory */ = {
			isa = PBXShellScriptBuildPhase;
			buildActionMask = 2147483647;
			files = (
			);
			inputPaths = (
			);
			name = "Copy www directory";
			outputPaths = (
			);
			runOnlyForDeploymentPostprocessing = 0;
			shellPath = /bin/sh;
			shellScript = "NODEJS_PATH=/usr/local/bin; NVM_NODE_PATH=~/.nvm/versions/node/`nvm version 2>/dev/null`/bin; N_NODE_PATH=`find /usr/local/n/versions/node/* -maxdepth 0 -type d 2>/dev/null | tail -1`/bin; XCODE_NODE_PATH=`xcode-select --print-path`/usr/share/xcs/Node/bin; PATH=$NODEJS_PATH:$NVM_NODE_PATH:$N_NODE_PATH:$XCODE_NODE_PATH:$PATH && node cordova/lib/copy-www-build-step.js";
			showEnvVarsInLog = 0;
		};
/* End PBXShellScriptBuildPhase section */

/* Begin PBXSourcesBuildPhase section */
		1D60588E0D05DD3D006BFB54 /* Sources */ = {
			isa = PBXSourcesBuildPhase;
			buildActionMask = 2147483647;
			files = (
				1D60589B0D05DD56006BFB54 /* main.m in Sources */,
				1D3623260D0F684500981E51 /* AppDelegate.m in Sources */,
				302D95F114D2391D003F00A1 /* MainViewController.m in Sources */,
				96CF2C30C6074F8DBE9EDDEC /* AppDelegate+notification.m in Sources */,
				0472C3C831A641A5AE7D6B51 /* PushPlugin.m in Sources */,
				EA4D442F111B4566B76A1BC4 /* CDVDevice.m in Sources */,
				1B3733B00DFB437E856C0A8A /* CDVNotification.m in Sources */,
				D778C152117F49E69F2EAEAF /* CDVInAppBrowser.m in Sources */,
				4CD62C8A6AEE484A923DAF7B /* CDVConnection.m in Sources */,
				2D51EBA736B1483B861BDC2C /* CDVReachability.m in Sources */,
				21A1D15AA93A4643BD513E5E /* CDVStatusBar.m in Sources */,
			);
			runOnlyForDeploymentPostprocessing = 0;
		};
/* End PBXSourcesBuildPhase section */

/* Begin PBXTargetDependency section */
		301BF551109A68C00062928A /* PBXTargetDependency */ = {
			isa = PBXTargetDependency;
			name = CordovaLib;
			targetProxy = 301BF550109A68C00062928A /* PBXContainerItemProxy */;
		};
/* End PBXTargetDependency section */

/* Begin XCBuildConfiguration section */
		1D6058940D05DD3E006BFB54 /* Debug */ = {
			isa = XCBuildConfiguration;
			baseConfigurationReference = 3047A50F1AB8059700498E2A /* build-debug.xcconfig */;
			buildSettings = {
				ALWAYS_SEARCH_USER_PATHS = NO;
				ASSETCATALOG_COMPILER_APPICON_NAME = AppIcon;
				ASSETCATALOG_COMPILER_LAUNCHIMAGE_NAME = LaunchImage;
				CLANG_ENABLE_MODULES = YES;
				CLANG_ENABLE_OBJC_ARC = YES;
				COPY_PHASE_STRIP = NO;
				GCC_DYNAMIC_NO_PIC = NO;
				GCC_OPTIMIZATION_LEVEL = 0;
				GCC_PRECOMPILE_PREFIX_HEADER = YES;
				GCC_PREFIX_HEADER = "Casa è/Casa è-Prefix.pch";
				GCC_THUMB_SUPPORT = NO;
				GCC_VERSION = "";
				INFOPLIST_FILE = "Casa è/Casa è-Info.plist";
				IPHONEOS_DEPLOYMENT_TARGET = 8.0;
				LD_RUNPATH_SEARCH_PATHS = "@executable_path/Frameworks";
				TARGETED_DEVICE_FAMILY = "1,2";
				PRODUCT_NAME = "Casa è";
				LIBRARY_SEARCH_PATHS = (
					"$(inherited)",
					"\"$(SRCROOT)/Casa è/Plugins/phonegap-plugin-push/GCM/Libraries\"",
					"\"$(SRCROOT)/Casa è/Plugins/phonegap-plugin-push/GCM/Libraries\"",
					"\"$(SRCROOT)/Casa è/Plugins/phonegap-plugin-push/GCM/Libraries\"",
					"\"$(SRCROOT)/Casa è/Plugins/phonegap-plugin-push/GCM/Libraries\"",
					"\"$(SRCROOT)/Casa è/Plugins/phonegap-plugin-push/GCM/Libraries\"",
					"\"$(SRCROOT)/Casa è/Plugins/phonegap-plugin-push/GCM/Libraries\"",
					"\"$(SRCROOT)/Casa è/Plugins/phonegap-plugin-push/GCM/Libraries\"",
					"\"$(SRCROOT)/Casa è/Plugins/phonegap-plugin-push/GCM/Libraries\"",
					"\"$(SRCROOT)/Casa è/Plugins/phonegap-plugin-push/GCM/Libraries\"",
					"\"$(SRCROOT)/Casa è/Plugins/phonegap-plugin-push/GCM/Libraries\"",
					"\"$(SRCROOT)/Casa è/Plugins/phonegap-plugin-push/GCM/Libraries\"",
					"\"$(SRCROOT)/Casa è/Plugins/phonegap-plugin-push/GCM/Libraries\"",
					"\"$(SRCROOT)/Casa è/Plugins/phonegap-plugin-push/GCM/Libraries\"",
					"\"$(SRCROOT)/Casa è/Plugins/phonegap-plugin-push/GCM/Libraries\"",
					"\"$(SRCROOT)/Casa è/Plugins/phonegap-plugin-push/GCM/Libraries\"",
					"\"$(SRCROOT)/Casa è/Plugins/phonegap-plugin-push/GCM/Libraries\"",
					"\"$(SRCROOT)/Casa è/Plugins/phonegap-plugin-push/GCM/Libraries\"",
					"\"$(SRCROOT)/Casa è/Plugins/phonegap-plugin-push/GCM/Libraries\"",
					"\"$(SRCROOT)/Casa è/Plugins/phonegap-plugin-push/GCM/Libraries\"",
					"\"$(SRCROOT)/Casa è/Plugins/phonegap-plugin-push/GCM/Libraries\"",
					"\"$(SRCROOT)/Casa è/Plugins/phonegap-plugin-push/GCM/Libraries\"",
					"\"$(SRCROOT)/Casa è/Plugins/phonegap-plugin-push/GCM/Libraries\"",
					"\"$(SRCROOT)/Casa è/Plugins/phonegap-plugin-push/GCM/Libraries\"",
					"\"$(SRCROOT)/Casa è/Plugins/phonegap-plugin-push/GCM/Libraries\"",
					"\"$(SRCROOT)/Casa è/Plugins/phonegap-plugin-push/GCM/Libraries\"",
					"\"$(SRCROOT)/Casa è/Plugins/phonegap-plugin-push/GCM/Libraries\"",
				);
			};
			name = Debug;
		};
		1D6058950D05DD3E006BFB54 /* Release */ = {
			isa = XCBuildConfiguration;
			baseConfigurationReference = 3047A5101AB8059700498E2A /* build-release.xcconfig */;
			buildSettings = {
				ALWAYS_SEARCH_USER_PATHS = NO;
				ASSETCATALOG_COMPILER_APPICON_NAME = AppIcon;
				ASSETCATALOG_COMPILER_LAUNCHIMAGE_NAME = LaunchImage;
				CLANG_ENABLE_MODULES = YES;
				CLANG_ENABLE_OBJC_ARC = YES;
				COPY_PHASE_STRIP = YES;
				GCC_PRECOMPILE_PREFIX_HEADER = YES;
				GCC_PREFIX_HEADER = "Casa è/Casa è-Prefix.pch";
				GCC_THUMB_SUPPORT = NO;
				GCC_VERSION = "";
				INFOPLIST_FILE = "Casa è/Casa è-Info.plist";
				IPHONEOS_DEPLOYMENT_TARGET = 8.0;
				LD_RUNPATH_SEARCH_PATHS = "@executable_path/Frameworks";
				TARGETED_DEVICE_FAMILY = "1,2";
				PRODUCT_NAME = "Casa è";
				LIBRARY_SEARCH_PATHS = (
					"$(inherited)",
					"\"$(SRCROOT)/Casa è/Plugins/phonegap-plugin-push/GCM/Libraries\"",
					"\"$(SRCROOT)/Casa è/Plugins/phonegap-plugin-push/GCM/Libraries\"",
					"\"$(SRCROOT)/Casa è/Plugins/phonegap-plugin-push/GCM/Libraries\"",
					"\"$(SRCROOT)/Casa è/Plugins/phonegap-plugin-push/GCM/Libraries\"",
					"\"$(SRCROOT)/Casa è/Plugins/phonegap-plugin-push/GCM/Libraries\"",
					"\"$(SRCROOT)/Casa è/Plugins/phonegap-plugin-push/GCM/Libraries\"",
					"\"$(SRCROOT)/Casa è/Plugins/phonegap-plugin-push/GCM/Libraries\"",
					"\"$(SRCROOT)/Casa è/Plugins/phonegap-plugin-push/GCM/Libraries\"",
					"\"$(SRCROOT)/Casa è/Plugins/phonegap-plugin-push/GCM/Libraries\"",
					"\"$(SRCROOT)/Casa è/Plugins/phonegap-plugin-push/GCM/Libraries\"",
					"\"$(SRCROOT)/Casa è/Plugins/phonegap-plugin-push/GCM/Libraries\"",
					"\"$(SRCROOT)/Casa è/Plugins/phonegap-plugin-push/GCM/Libraries\"",
					"\"$(SRCROOT)/Casa è/Plugins/phonegap-plugin-push/GCM/Libraries\"",
					"\"$(SRCROOT)/Casa è/Plugins/phonegap-plugin-push/GCM/Libraries\"",
					"\"$(SRCROOT)/Casa è/Plugins/phonegap-plugin-push/GCM/Libraries\"",
					"\"$(SRCROOT)/Casa è/Plugins/phonegap-plugin-push/GCM/Libraries\"",
					"\"$(SRCROOT)/Casa è/Plugins/phonegap-plugin-push/GCM/Libraries\"",
					"\"$(SRCROOT)/Casa è/Plugins/phonegap-plugin-push/GCM/Libraries\"",
					"\"$(SRCROOT)/Casa è/Plugins/phonegap-plugin-push/GCM/Libraries\"",
					"\"$(SRCROOT)/Casa è/Plugins/phonegap-plugin-push/GCM/Libraries\"",
					"\"$(SRCROOT)/Casa è/Plugins/phonegap-plugin-push/GCM/Libraries\"",
					"\"$(SRCROOT)/Casa è/Plugins/phonegap-plugin-push/GCM/Libraries\"",
					"\"$(SRCROOT)/Casa è/Plugins/phonegap-plugin-push/GCM/Libraries\"",
					"\"$(SRCROOT)/Casa è/Plugins/phonegap-plugin-push/GCM/Libraries\"",
					"\"$(SRCROOT)/Casa è/Plugins/phonegap-plugin-push/GCM/Libraries\"",
					"\"$(SRCROOT)/Casa è/Plugins/phonegap-plugin-push/GCM/Libraries\"",
				);
			};
			name = Release;
		};
		C01FCF4F08A954540054247B /* Debug */ = {
			isa = XCBuildConfiguration;
			baseConfigurationReference = 3047A5111AB8059700498E2A /* build.xcconfig */;
			buildSettings = {
				CLANG_ENABLE_MODULES = YES;
				CLANG_ENABLE_OBJC_ARC = YES;
				CLANG_WARN_BOOL_CONVERSION = YES;
				CLANG_WARN_CONSTANT_CONVERSION = YES;
				CLANG_WARN_EMPTY_BODY = YES;
				CLANG_WARN_ENUM_CONVERSION = YES;
				CLANG_WARN_INT_CONVERSION = YES;
				CLANG_WARN__DUPLICATE_METHOD_MATCH = YES;
				GCC_C_LANGUAGE_STANDARD = c99;
				GCC_THUMB_SUPPORT = NO;
				GCC_VERSION = "";
				GCC_WARN_ABOUT_RETURN_TYPE = YES;
				GCC_WARN_UNDECLARED_SELECTOR = YES;
				GCC_WARN_UNINITIALIZED_AUTOS = YES;
				GCC_WARN_UNUSED_FUNCTION = YES;
				GCC_WARN_UNUSED_VARIABLE = YES;
				ONLY_ACTIVE_ARCH = YES;
				SDKROOT = iphoneos;
				SKIP_INSTALL = NO;
				TARGETED_DEVICE_FAMILY = "1,2";
				ASSETCATALOG_COMPILER_LAUNCHIMAGE_NAME = LaunchImage;
			};
			name = Debug;
		};
		C01FCF5008A954540054247B /* Release */ = {
			isa = XCBuildConfiguration;
			baseConfigurationReference = 3047A5111AB8059700498E2A /* build.xcconfig */;
			buildSettings = {
				CLANG_ENABLE_MODULES = YES;
				CLANG_ENABLE_OBJC_ARC = YES;
				CLANG_WARN_BOOL_CONVERSION = YES;
				CLANG_WARN_CONSTANT_CONVERSION = YES;
				CLANG_WARN_EMPTY_BODY = YES;
				CLANG_WARN_ENUM_CONVERSION = YES;
				CLANG_WARN_INT_CONVERSION = YES;
				CLANG_WARN__DUPLICATE_METHOD_MATCH = YES;
				GCC_C_LANGUAGE_STANDARD = c99;
				GCC_THUMB_SUPPORT = NO;
				GCC_VERSION = "";
				GCC_WARN_ABOUT_RETURN_TYPE = YES;
				GCC_WARN_UNDECLARED_SELECTOR = YES;
				GCC_WARN_UNINITIALIZED_AUTOS = YES;
				GCC_WARN_UNUSED_FUNCTION = YES;
				GCC_WARN_UNUSED_VARIABLE = YES;
				SDKROOT = iphoneos;
				SKIP_INSTALL = NO;
				TARGETED_DEVICE_FAMILY = "1,2";
				ASSETCATALOG_COMPILER_LAUNCHIMAGE_NAME = LaunchImage;
			};
			name = Release;
		};
/* End XCBuildConfiguration section */

/* Begin XCConfigurationList section */
		1D6058960D05DD3E006BFB54 /* Build configuration list for PBXNativeTarget "Casa è" */ = {
			isa = XCConfigurationList;
			buildConfigurations = (
				1D6058940D05DD3E006BFB54 /* Debug */,
				1D6058950D05DD3E006BFB54 /* Release */,
			);
			defaultConfigurationIsVisible = 0;
			defaultConfigurationName = Release;
		};
		C01FCF4E08A954540054247B /* Build configuration list for PBXProject "__NON-CLI__" */ = {
			isa = XCConfigurationList;
			buildConfigurations = (
				C01FCF4F08A954540054247B /* Debug */,
				C01FCF5008A954540054247B /* Release */,
			);
			defaultConfigurationIsVisible = 0;
			defaultConfigurationName = Release;
		};
/* End XCConfigurationList section */
	};
	rootObject = 29B97313FDCFA39411CA2CEA /* Project object */;
}
